// !$*UTF8*$!
{
	archiveVersion = 1;
	classes = {
	};
	objectVersion = 46;
	objects = {

/* Begin PBXBuildFile section */
		14DF09031E363D0900AA02D4 /* main.m in Sources */ = {isa = PBXBuildFile; fileRef = 14DF09021E363D0900AA02D4 /* main.m */; };
		14DF09061E363D0900AA02D4 /* AppDelegate.m in Sources */ = {isa = PBXBuildFile; fileRef = 14DF09051E363D0900AA02D4 /* AppDelegate.m */; };
		14DF09091E363D0900AA02D4 /* ViewController.m in Sources */ = {isa = PBXBuildFile; fileRef = 14DF09081E363D0900AA02D4 /* ViewController.m */; };
		14DF090C1E363D0900AA02D4 /* Main.storyboard in Resources */ = {isa = PBXBuildFile; fileRef = 14DF090A1E363D0900AA02D4 /* Main.storyboard */; };
		14DF090E1E363D0900AA02D4 /* Assets.xcassets in Resources */ = {isa = PBXBuildFile; fileRef = 14DF090D1E363D0900AA02D4 /* Assets.xcassets */; };
		14DF09111E363D0900AA02D4 /* LaunchScreen.storyboard in Resources */ = {isa = PBXBuildFile; fileRef = 14DF090F1E363D0900AA02D4 /* LaunchScreen.storyboard */; };
/* End PBXBuildFile section */

/* Begin PBXFileReference section */
		14DF08FE1E363D0900AA02D4 /* 23gennaioEsercizio1.app */ = {isa = PBXFileReference; explicitFileType = wrapper.application; includeInIndex = 0; path = 23gennaioEsercizio1.app; sourceTree = BUILT_PRODUCTS_DIR; };
		14DF09021E363D0900AA02D4 /* main.m */ = {isa = PBXFileReference; lastKnownFileType = sourcecode.c.objc; path = main.m; sourceTree = "<group>"; };
		14DF09041E363D0900AA02D4 /* AppDelegate.h */ = {isa = PBXFileReference; lastKnownFileType = sourcecode.c.h; path = AppDelegate.h; sourceTree = "<group>"; };
		14DF09051E363D0900AA02D4 /* AppDelegate.m */ = {isa = PBXFileReference; lastKnownFileType = sourcecode.c.objc; path = AppDelegate.m; sourceTree = "<group>"; };
		14DF09071E363D0900AA02D4 /* ViewController.h */ = {isa = PBXFileReference; lastKnownFileType = sourcecode.c.h; path = ViewController.h; sourceTree = "<group>"; };
		14DF09081E363D0900AA02D4 /* ViewController.m */ = {isa = PBXFileReference; lastKnownFileType = sourcecode.c.objc; path = ViewController.m; sourceTree = "<group>"; };
		14DF090B1E363D0900AA02D4 /* Base */ = {isa = PBXFileReference; lastKnownFileType = file.storyboard; name = Base; path = Base.lproj/Main.storyboard; sourceTree = "<group>"; };
		14DF090D1E363D0900AA02D4 /* Assets.xcassets */ = {isa = PBXFileReference; lastKnownFileType = folder.assetcatalog; path = Assets.xcassets; sourceTree = "<group>"; };
		14DF09101E363D0900AA02D4 /* Base */ = {isa = PBXFileReference; lastKnownFileType = file.storyboard; name = Base; path = Base.lproj/LaunchScreen.storyboard; sourceTree = "<group>"; };
		14DF09121E363D0900AA02D4 /* Info.plist */ = {isa = PBXFileReference; lastKnownFileType = text.plist.xml; path = Info.plist; sourceTree = "<group>"; };
/* End PBXFileReference section */

/* Begin PBXFrameworksBuildPhase section */
		14DF08FB1E363D0900AA02D4 /* Frameworks */ = {
			isa = PBXFrameworksBuildPhase;
			buildActionMask = 2147483647;
			files = (
			);
			runOnlyForDeploymentPostprocessing = 0;
		};
/* End PBXFrameworksBuildPhase section */

/* Begin PBXGroup section */
		14DF08F51E363D0900AA02D4 = {
			isa = PBXGroup;
			children = (
				14DF09001E363D0900AA02D4 /* 23gennaioEsercizio1 */,
				14DF08FF1E363D0900AA02D4 /* Products */,
			);
			sourceTree = "<group>";
		};
		14DF08FF1E363D0900AA02D4 /* Products */ = {
			isa = PBXGroup;
			children = (
				14DF08FE1E363D0900AA02D4 /* 23gennaioEsercizio1.app */,
			);
			name = Products;
			sourceTree = "<group>";
		};
		14DF09001E363D0900AA02D4 /* 23gennaioEsercizio1 */ = {
			isa = PBXGroup;
			children = (
				14DF09041E363D0900AA02D4 /* AppDelegate.h */,
				14DF09051E363D0900AA02D4 /* AppDelegate.m */,
				14DF09071E363D0900AA02D4 /* ViewController.h */,
				14DF09081E363D0900AA02D4 /* ViewController.m */,
				14DF090A1E363D0900AA02D4 /* Main.storyboard */,
				14DF090D1E363D0900AA02D4 /* Assets.xcassets */,
				14DF090F1E363D0900AA02D4 /* LaunchScreen.storyboard */,
				14DF09121E363D0900AA02D4 /* Info.plist */,
				14DF09011E363D0900AA02D4 /* Supporting Files */,
			);
			path = 23gennaioEsercizio1;
			sourceTree = "<group>";
		};
		14DF09011E363D0900AA02D4 /* Supporting Files */ = {
			isa = PBXGroup;
			children = (
				14DF09021E363D0900AA02D4 /* main.m */,
			);
			name = "Supporting Files";
			sourceTree = "<group>";
		};
/* End PBXGroup section */

/* Begin PBXNativeTarget section */
		14DF08FD1E363D0900AA02D4 /* 23gennaioEsercizio1 */ = {
			isa = PBXNativeTarget;
			buildConfigurationList = 14DF09151E363D0900AA02D4 /* Build configuration list for PBXNativeTarget "23gennaioEsercizio1" */;
			buildPhases = (
				14DF08FA1E363D0900AA02D4 /* Sources */,
				14DF08FB1E363D0900AA02D4 /* Frameworks */,
				14DF08FC1E363D0900AA02D4 /* Resources */,
			);
			buildRules = (
			);
			dependencies = (
			);
			name = 23gennaioEsercizio1;
			productName = 23gennaioEsercizio1;
			productReference = 14DF08FE1E363D0900AA02D4 /* 23gennaioEsercizio1.app */;
			productType = "com.apple.product-type.application";
		};
/* End PBXNativeTarget section */

/* Begin PBXProject section */
		14DF08F61E363D0900AA02D4 /* Project object */ = {
			isa = PBXProject;
			attributes = {
				LastUpgradeCheck = 0820;
				ORGANIZATIONNAME = Maurizio;
				TargetAttributes = {
					14DF08FD1E363D0900AA02D4 = {
						CreatedOnToolsVersion = 8.2;
						ProvisioningStyle = Automatic;
					};
				};
			};
			buildConfigurationList = 14DF08F91E363D0900AA02D4 /* Build configuration list for PBXProject "23gennaioEsercizio1" */;
			compatibilityVersion = "Xcode 3.2";
			developmentRegion = English;
			hasScannedForEncodings = 0;
			knownRegions = (
				en,
				Base,
			);
			mainGroup = 14DF08F51E363D0900AA02D4;
			productRefGroup = 14DF08FF1E363D0900AA02D4 /* Products */;
			projectDirPath = "";
			projectRoot = "";
			targets = (
				14DF08FD1E363D0900AA02D4 /* 23gennaioEsercizio1 */,
			);
		};
/* End PBXProject section */

/* Begin PBXResourcesBuildPhase section */
		14DF08FC1E363D0900AA02D4 /* Resources */ = {
			isa = PBXResourcesBuildPhase;
			buildActionMask = 2147483647;
			files = (
				14DF09111E363D0900AA02D4 /* LaunchScreen.storyboard in Resources */,
				14DF090E1E363D0900AA02D4 /* Assets.xcassets in Resources */,
				14DF090C1E363D0900AA02D4 /* Main.storyboard in Resources */,
			);
			runOnlyForDeploymentPostprocessing = 0;
		};
/* End PBXResourcesBuildPhase section */

/* Begin PBXSourcesBuildPhase section */
		14DF08FA1E363D0900AA02D4 /* Sources */ = {
			isa = PBXSourcesBuildPhase;
			buildActionMask = 2147483647;
			files = (
				14DF09091E363D0900AA02D4 /* ViewController.m in Sources */,
				14DF09061E363D0900AA02D4 /* AppDelegate.m in Sources */,
				14DF09031E363D0900AA02D4 /* main.m in Sources */,
			);
			runOnlyForDeploymentPostprocessing = 0;
		};
/* End PBXSourcesBuildPhase section */

/* Begin PBXVariantGroup section */
		14DF090A1E363D0900AA02D4 /* Main.storyboard */ = {
			isa = PBXVariantGroup;
			children = (
				14DF090B1E363D0900AA02D4 /* Base */,
			);
			name = Main.storyboard;
			sourceTree = "<group>";
		};
		14DF090F1E363D0900AA02D4 /* LaunchScreen.storyboard */ = {
			isa = PBXVariantGroup;
			children = (
				14DF09101E363D0900AA02D4 /* Base */,
			);
			name = LaunchScreen.storyboard;
			sourceTree = "<group>";
		};
/* End PBXVariantGroup section */

/* Begin XCBuildConfiguration section */
		14DF09131E363D0900AA02D4 /* Debug */ = {
			isa = XCBuildConfiguration;
			buildSettings = {
				ALWAYS_SEARCH_USER_PATHS = NO;
				CLANG_ANALYZER_NONNULL = YES;
				CLANG_CXX_LANGUAGE_STANDARD = "gnu++0x";
				CLANG_CXX_LIBRARY = "libc++";
				CLANG_ENABLE_MODULES = YES;
				CLANG_ENABLE_OBJC_ARC = YES;
				CLANG_WARN_BOOL_CONVERSION = YES;
				CLANG_WARN_CONSTANT_CONVERSION = YES;
				CLANG_WARN_DIRECT_OBJC_ISA_USAGE = YES_ERROR;
				CLANG_WARN_DOCUMENTATION_COMMENTS = YES;
				CLANG_WARN_EMPTY_BODY = YES;
				CLANG_WARN_ENUM_CONVERSION = YES;
				CLANG_WARN_INFINITE_RECURSION = YES;
				CLANG_WARN_INT_CONVERSION = YES;
				CLANG_WARN_OBJC_ROOT_CLASS = YES_ERROR;
				CLANG_WARN_SUSPICIOUS_MOVE = YES;
				CLANG_WARN_UNREACHABLE_CODE = YES;
				CLANG_WARN__DUPLICATE_METHOD_MATCH = YES;
				"CODE_SIGN_IDENTITY[sdk=iphoneos*]" = "iPhone Developer";
				COPY_PHASE_STRIP = NO;
				DEBUG_INFORMATION_FORMAT = dwarf;
				ENABLE_STRICT_OBJC_MSGSEND = YES;
				ENABLE_TESTABILITY = YES;
				GCC_C_LANGUAGE_STANDARD = gnu99;
				GCC_DYNAMIC_NO_PIC = NO;
				GCC_NO_COMMON_BLOCKS = YES;
				GCC_OPTIMIZATION_LEVEL = 0;
				GCC_PREPROCESSOR_DEFINITIONS = (
					"DEBUG=1",
					"$(inherited)",
				);
				GCC_WARN_64_TO_32_BIT_CONVERSION = YES;
				GCC_WARN_ABOUT_RETURN_TYPE = YES_ERROR;
				GCC_WARN_UNDECLARED_SELECTOR = YES;
				GCC_WARN_UNINITIALIZED_AUTOS = YES_AGGRESSIVE;
				GCC_WARN_UNUSED_FUNCTION = YES;
				GCC_WARN_UNUSED_VARIABLE = YES;
				IPHONEOS_DEPLOYMENT_TARGET = 10.2;
				MTL_ENABLE_DEBUG_INFO = YES;
				ONLY_ACTIVE_ARCH = YES;
				SDKROOT = iphoneos;
			};
			name = Debug;
		};
		14DF09141E363D0900AA02D4 /* Release */ = {
			isa = XCBuildConfiguration;
			buildSettings = {
				ALWAYS_SEARCH_USER_PATHS = NO;
				CLANG_ANALYZER_NONNULL = YES;
				CLANG_CXX_LANGUAGE_STANDARD = "gnu++0x";
				CLANG_CXX_LIBRARY = "libc++";
				CLANG_ENABLE_MODULES = YES;
				CLANG_ENABLE_OBJC_ARC = YES;
				CLANG_WARN_BOOL_CONVERSION = YES;
				CLANG_WARN_CONSTANT_CONVERSION = YES;
				CLANG_WARN_DIRECT_OBJC_ISA_USAGE = YES_ERROR;
				CLANG_WARN_DOCUMENTATION_COMMENTS = YES;
				CLANG_WARN_EMPTY_BODY = YES;
				CLANG_WARN_ENUM_CONVERSION = YES;
				CLANG_WARN_INFINITE_RECURSION = YES;
				CLANG_WARN_INT_CONVERSION = YES;
				CLANG_WARN_OBJC_ROOT_CLASS = YES_ERROR;
				CLANG_WARN_SUSPICIOUS_MOVE = YES;
				CLANG_WARN_UNREACHABLE_CODE = YES;
				CLANG_WARN__DUPLICATE_METHOD_MATCH = YES;
				"CODE_SIGN_IDENTITY[sdk=iphoneos*]" = "iPhone Developer";
				COPY_PHASE_STRIP = NO;
				DEBUG_INFORMATION_FORMAT = "dwarf-with-dsym";
				ENABLE_NS_ASSERTIONS = NO;
				ENABLE_STRICT_OBJC_MSGSEND = YES;
				GCC_C_LANGUAGE_STANDARD = gnu99;
				GCC_NO_COMMON_BLOCKS = YES;
				GCC_WARN_64_TO_32_BIT_CONVERSION = YES;
				GCC_WARN_ABOUT_RETURN_TYPE = YES_ERROR;
				GCC_WARN_UNDECLARED_SELECTOR = YES;
				GCC_WARN_UNINITIALIZED_AUTOS = YES_AGGRESSIVE;
				GCC_WARN_UNUSED_FUNCTION = YES;
				GCC_WARN_UNUSED_VARIABLE = YES;
				IPHONEOS_DEPLOYMENT_TARGET = 10.2;
				MTL_ENABLE_DEBUG_INFO = NO;
				SDKROOT = iphoneos;
				VALIDATE_PRODUCT = YES;
			};
			name = Release;
		};
		14DF09161E363D0900AA02D4 /* Debug */ = {
			isa = XCBuildConfiguration;
			buildSettings = {
				ASSETCATALOG_COMPILER_APPICON_NAME = AppIcon;
				INFOPLIST_FILE = 23gennaioEsercizio1/Info.plist;
				LD_RUNPATH_SEARCH_PATHS = "$(inherited) @executable_path/Frameworks";
				PRODUCT_BUNDLE_IDENTIFIER = "it.maurizio.pacialat.-3gennaioEsercizio1";
				PRODUCT_NAME = "$(TARGET_NAME)";
			};
			name = Debug;
		};
		14DF09171E363D0900AA02D4 /* Release */ = {
			isa = XCBuildConfiguration;
			buildSettings = {
				ASSETCATALOG_COMPILER_APPICON_NAME = AppIcon;
				INFOPLIST_FILE = 23gennaioEsercizio1/Info.plist;
				LD_RUNPATH_SEARCH_PATHS = "$(inherited) @executable_path/Frameworks";
				PRODUCT_BUNDLE_IDENTIFIER = "it.maurizio.pacialat.-3gennaioEsercizio1";
				PRODUCT_NAME = "$(TARGET_NAME)";
			};
			name = Release;
		};
/* End XCBuildConfiguration section */

/* Begin XCConfigurationList section */
		14DF08F91E363D0900AA02D4 /* Build configuration list for PBXProject "23gennaioEsercizio1" */ = {
			isa = XCConfigurationList;
			buildConfigurations = (
				14DF09131E363D0900AA02D4 /* Debug */,
				14DF09141E363D0900AA02D4 /* Release */,
			);
			defaultConfigurationIsVisible = 0;
			defaultConfigurationName = Release;
		};
		14DF09151E363D0900AA02D4 /* Build configuration list for PBXNativeTarget "23gennaioEsercizio1" */ = {
			isa = XCConfigurationList;
			buildConfigurations = (
				14DF09161E363D0900AA02D4 /* Debug */,
				14DF09171E363D0900AA02D4 /* Release */,
			);
			defaultConfigurationIsVisible = 0;
		};
/* End XCConfigurationList section */
	};
	rootObject = 14DF08F61E363D0900AA02D4 /* Project object */;
}
